
Microsoft Visual Studio Solution File, Format Version 12.00
# Visual Studio Version 16
VisualStudioVersion = 16.0.30309.148
MinimumVisualStudioVersion = 10.0.40219.1
Project("{9A19103F-16F7-4668-BE54-9A1E7A4F7556}") = "MU.Common", "MU.Common\MU.Common.csproj", "{8A71257C-29D1-4360-8C73-6643B8D6C242}"
EndProject
Project("{9A19103F-16F7-4668-BE54-9A1E7A4F7556}") = "MU.Identity", "MU.Identity\MU.Identity.csproj", "{924357A0-479C-49FB-9FCF-AB74E11389C9}"
	ProjectSection(ProjectDependencies) = postProject
		{8A71257C-29D1-4360-8C73-6643B8D6C242} = {8A71257C-29D1-4360-8C73-6643B8D6C242}
	EndProjectSection
EndProject
Project("{9A19103F-16F7-4668-BE54-9A1E7A4F7556}") = "MU.Publishers", "MU.Publishers\MU.Publishers.csproj", "{EDF7DD89-ECB1-407C-815A-1E762E6C0C7D}"
	ProjectSection(ProjectDependencies) = postProject
		{8A71257C-29D1-4360-8C73-6643B8D6C242} = {8A71257C-29D1-4360-8C73-6643B8D6C242}
	EndProjectSection
EndProject
Project("{9A19103F-16F7-4668-BE54-9A1E7A4F7556}") = "MU.Translators", "MU.Translators\MU.Translators.csproj", "{A848E87D-64F8-4910-B2A4-734BEDA8D899}"
EndProject
Project("{E53339B2-1760-4266-BCC7-CA923CBCF16C}") = "docker-compose", "docker-compose.dcproj", "{3D370192-92DB-4BCA-8362-F1CC860DEADF}"
EndProject
Project("{FAE04EC0-301F-11D3-BF4B-00C04F79EFBC}") = "MU.Watchdog", "MU.Watchdog\MU.Watchdog.csproj", "{68FFB3DA-9B27-4C30-B3E8-84D45DD2855E}"
EndProject
Project("{FAE04EC0-301F-11D3-BF4B-00C04F79EFBC}") = "MU.Gateway", "MU.Gateway\MU.Gateway.csproj", "{59B89A9B-62AB-4870-8F8B-F75380B918B1}"
EndProject
Global
	GlobalSection(SolutionConfigurationPlatforms) = preSolution
		Debug|Any CPU = Debug|Any CPU
		Release|Any CPU = Release|Any CPU
	EndGlobalSection
	GlobalSection(ProjectConfigurationPlatforms) = postSolution
		{8A71257C-29D1-4360-8C73-6643B8D6C242}.Debug|Any CPU.ActiveCfg = Debug|Any CPU
		{8A71257C-29D1-4360-8C73-6643B8D6C242}.Debug|Any CPU.Build.0 = Debug|Any CPU
		{8A71257C-29D1-4360-8C73-6643B8D6C242}.Release|Any CPU.ActiveCfg = Release|Any CPU
		{8A71257C-29D1-4360-8C73-6643B8D6C242}.Release|Any CPU.Build.0 = Release|Any CPU
		{924357A0-479C-49FB-9FCF-AB74E11389C9}.Debug|Any CPU.ActiveCfg = Debug|Any CPU
		{924357A0-479C-49FB-9FCF-AB74E11389C9}.Debug|Any CPU.Build.0 = Debug|Any CPU
		{924357A0-479C-49FB-9FCF-AB74E11389C9}.Release|Any CPU.ActiveCfg = Release|Any CPU
		{924357A0-479C-49FB-9FCF-AB74E11389C9}.Release|Any CPU.Build.0 = Release|Any CPU
		{EDF7DD89-ECB1-407C-815A-1E762E6C0C7D}.Debug|Any CPU.ActiveCfg = Debug|Any CPU
		{EDF7DD89-ECB1-407C-815A-1E762E6C0C7D}.Debug|Any CPU.Build.0 = Debug|Any CPU
		{EDF7DD89-ECB1-407C-815A-1E762E6C0C7D}.Release|Any CPU.ActiveCfg = Release|Any CPU
		{EDF7DD89-ECB1-407C-815A-1E762E6C0C7D}.Release|Any CPU.Build.0 = Release|Any CPU
		{A848E87D-64F8-4910-B2A4-734BEDA8D899}.Debug|Any CPU.ActiveCfg = Debug|Any CPU
		{A848E87D-64F8-4910-B2A4-734BEDA8D899}.Debug|Any CPU.Build.0 = Debug|Any CPU
		{A848E87D-64F8-4910-B2A4-734BEDA8D899}.Release|Any CPU.ActiveCfg = Release|Any CPU
		{A848E87D-64F8-4910-B2A4-734BEDA8D899}.Release|Any CPU.Build.0 = Release|Any CPU
		{3D370192-92DB-4BCA-8362-F1CC860DEADF}.Debug|Any CPU.ActiveCfg = Debug|Any CPU
		{3D370192-92DB-4BCA-8362-F1CC860DEADF}.Debug|Any CPU.Build.0 = Debug|Any CPU
		{3D370192-92DB-4BCA-8362-F1CC860DEADF}.Release|Any CPU.ActiveCfg = Release|Any CPU
		{3D370192-92DB-4BCA-8362-F1CC860DEADF}.Release|Any CPU.Build.0 = Release|Any CPU
		{68FFB3DA-9B27-4C30-B3E8-84D45DD2855E}.Debug|Any CPU.ActiveCfg = Debug|Any CPU
		{68FFB3DA-9B27-4C30-B3E8-84D45DD2855E}.Debug|Any CPU.Build.0 = Debug|Any CPU
		{68FFB3DA-9B27-4C30-B3E8-84D45DD2855E}.Release|Any CPU.ActiveCfg = Release|Any CPU
		{68FFB3DA-9B27-4C30-B3E8-84D45DD2855E}.Release|Any CPU.Build.0 = Release|Any CPU
		{59B89A9B-62AB-4870-8F8B-F75380B918B1}.Debug|Any CPU.ActiveCfg = Debug|Any CPU
		{59B89A9B-62AB-4870-8F8B-F75380B918B1}.Debug|Any CPU.Build.0 = Debug|Any CPU
		{59B89A9B-62AB-4870-8F8B-F75380B918B1}.Release|Any CPU.ActiveCfg = Release|Any CPU
		{59B89A9B-62AB-4870-8F8B-F75380B918B1}.Release|Any CPU.Build.0 = Release|Any CPU
	EndGlobalSection
	GlobalSection(SolutionProperties) = preSolution
		HideSolutionNode = FALSE
	EndGlobalSection
	GlobalSection(ExtensibilityGlobals) = postSolution
		SolutionGuid = {B076B7B4-1C8A-4D52-A8AD-48F4F63CAA34}
	EndGlobalSection
EndGlobal
